{
  "sources": {
    "openstack-image": {
      "path": "."
    },
    "openstack-identity": {
      "locked_version": "8.0.0",
      "git": "git://github.com/stackforge/cookbook-openstack-identity.git",
      "ref": "3b001b7e07758e2c81b5ae4d1bff8e4a1472b24a"
    },
    "openstack-common": {
      "locked_version": "8.0.0",
      "git": "git://github.com/stackforge/cookbook-openstack-common.git",
      "ref": "2201bd113ffe1742c19811aa4df59a5790af71e3"
    },
    "apt": {
      "locked_version": "2.3.0"
    },
    "database": {
      "locked_version": "1.4.0"
    },
    "mysql": {
      "locked_version": "3.0.0"
    },
    "openssl": {
      "locked_version": "1.1.0"
    },
    "build-essential": {
      "locked_version": "1.4.2"
    },
    "postgresql": {
      "locked_version": "3.3.4"
    },
    "aws": {
      "locked_version": "1.0.0"
    },
    "xfs": {
      "locked_version": "1.1.0"
    }
  }
}
