{
  "sources": {
    "openstack-image": {
      "path": "."
    },
    "openstack-identity": {
      "locked_version": "7.0.1",
      "git": "git://github.com/stackforge/cookbook-openstack-identity.git",
      "ref": "9e178ea3e9ce00de88a33207317e39627bbb42f5"
    },
    "openstack-common": {
      "locked_version": "0.4.4",
      "git": "git://github.com/stackforge/cookbook-openstack-common.git",
      "ref": "162b49795762d70dd3c4af9271faa3a14a2a2800"
    },
    "apt": {
      "locked_version": "2.1.1"
    },
    "database": {
      "locked_version": "1.5.2"
    },
    "mysql": {
      "locked_version": "3.0.4"
    },
    "openssl": {
      "locked_version": "1.1.0"
    },
    "build-essential": {
      "locked_version": "1.4.2"
    },
    "postgresql": {
      "locked_version": "3.1.0"
    },
    "aws": {
      "locked_version": "0.101.6"
    },
    "xfs": {
      "locked_version": "1.1.0"
    }
  }
}
